
Microsoft Visual Studio Solution File, Format Version 12.00
# Visual Studio 15
Project("{FAE04EC0-301F-11D3-BF4B-00C04F79EFBC}") = "ProjectLaggarus", "Assembly-CSharp.csproj", "{D43AEB67-CBF8-4D13-11C7-747CB9E8D353}"
EndProject
Project("{FAE04EC0-301F-11D3-BF4B-00C04F79EFBC}") = "ProjectLaggarus", "Assembly-CSharp-Editor.csproj", "{BD5F3838-5A5B-3AB2-6416-B747C2A26FD9}"
EndProject
Global
	GlobalSection(SolutionConfigurationPlatforms) = preSolution
		Debug|Any CPU = Debug|Any CPU
		Release|Any CPU = Release|Any CPU
	EndGlobalSection
	GlobalSection(ProjectConfigurationPlatforms) = postSolution
		{D43AEB67-CBF8-4D13-11C7-747CB9E8D353}.Debug|Any CPU.ActiveCfg = Debug|Any CPU
		{D43AEB67-CBF8-4D13-11C7-747CB9E8D353}.Debug|Any CPU.Build.0 = Debug|Any CPU
		{D43AEB67-CBF8-4D13-11C7-747CB9E8D353}.Release|Any CPU.ActiveCfg = Release|Any CPU
		{D43AEB67-CBF8-4D13-11C7-747CB9E8D353}.Release|Any CPU.Build.0 = Release|Any CPU
		{BD5F3838-5A5B-3AB2-6416-B747C2A26FD9}.Debug|Any CPU.ActiveCfg = Debug|Any CPU
		{BD5F3838-5A5B-3AB2-6416-B747C2A26FD9}.Debug|Any CPU.Build.0 = Debug|Any CPU
		{BD5F3838-5A5B-3AB2-6416-B747C2A26FD9}.Release|Any CPU.ActiveCfg = Release|Any CPU
		{BD5F3838-5A5B-3AB2-6416-B747C2A26FD9}.Release|Any CPU.Build.0 = Release|Any CPU
	EndGlobalSection
	GlobalSection(SolutionProperties) = preSolution
		HideSolutionNode = FALSE
	EndGlobalSection
EndGlobal
